// !$*UTF8*$!
{
	archiveVersion = 1;
	classes = {
	};
	objectVersion = 77;
	objects = {

/* Begin PBXBuildFile section */
		788CCEA32CB16E28004F1A31 /* ResultViewController.swift in Sources */ = {isa = PBXBuildFile; fileRef = 788CCE942CB16E28004F1A31 /* ResultViewController.swift */; };
		788CCEA42CB16E28004F1A31 /* ViewController.swift in Sources */ = {isa = PBXBuildFile; fileRef = 788CCE952CB16E28004F1A31 /* ViewController.swift */; };
		788CCEA52CB16E28004F1A31 /* BMICalculatorManager.swift in Sources */ = {isa = PBXBuildFile; fileRef = 788CCE972CB16E28004F1A31 /* BMICalculatorManager.swift */; };
		788CCEA62CB16E28004F1A31 /* AppDelegate.swift in Sources */ = {isa = PBXBuildFile; fileRef = 788CCE9C2CB16E28004F1A31 /* AppDelegate.swift */; };
		788CCEA72CB16E28004F1A31 /* SceneDelegate.swift in Sources */ = {isa = PBXBuildFile; fileRef = 788CCEA12CB16E28004F1A31 /* SceneDelegate.swift */; };
		788CCEA82CB16E28004F1A31 /* Main.storyboard in Resources */ = {isa = PBXBuildFile; fileRef = 788CCE9A2CB16E28004F1A31 /* Main.storyboard */; };
		788CCEA92CB16E28004F1A31 /* Assets.xcassets in Resources */ = {isa = PBXBuildFile; fileRef = 788CCE9D2CB16E28004F1A31 /* Assets.xcassets */; };
		788CCEAB2CB16E28004F1A31 /* LaunchScreen.storyboard in Resources */ = {isa = PBXBuildFile; fileRef = 788CCEA02CB16E28004F1A31 /* LaunchScreen.storyboard */; };
		788CCEAD2CB16E66004F1A31 /* BMI.swift in Sources */ = {isa = PBXBuildFile; fileRef = 788CCEAC2CB16E66004F1A31 /* BMI.swift */; };
/* End PBXBuildFile section */

/* Begin PBXFileReference section */
		784B80CB2CAC47A700A5D472 /* BMI.app */ = {isa = PBXFileReference; explicitFileType = wrapper.application; includeInIndex = 0; path = BMI.app; sourceTree = BUILT_PRODUCTS_DIR; };
		788CCE942CB16E28004F1A31 /* ResultViewController.swift */ = {isa = PBXFileReference; lastKnownFileType = sourcecode.swift; path = ResultViewController.swift; sourceTree = "<group>"; };
		788CCE952CB16E28004F1A31 /* ViewController.swift */ = {isa = PBXFileReference; lastKnownFileType = sourcecode.swift; path = ViewController.swift; sourceTree = "<group>"; };
		788CCE972CB16E28004F1A31 /* BMICalculatorManager.swift */ = {isa = PBXFileReference; lastKnownFileType = sourcecode.swift; path = BMICalculatorManager.swift; sourceTree = "<group>"; };
		788CCE992CB16E28004F1A31 /* Base */ = {isa = PBXFileReference; lastKnownFileType = file.storyboard; name = Base; path = Base.lproj/Main.storyboard; sourceTree = "<group>"; };
		788CCE9C2CB16E28004F1A31 /* AppDelegate.swift */ = {isa = PBXFileReference; lastKnownFileType = sourcecode.swift; path = AppDelegate.swift; sourceTree = "<group>"; };
		788CCE9D2CB16E28004F1A31 /* Assets.xcassets */ = {isa = PBXFileReference; lastKnownFileType = folder.assetcatalog; path = Assets.xcassets; sourceTree = "<group>"; };
		788CCE9E2CB16E28004F1A31 /* Info.plist */ = {isa = PBXFileReference; lastKnownFileType = text.plist.xml; path = Info.plist; sourceTree = "<group>"; };
		788CCE9F2CB16E28004F1A31 /* Base */ = {isa = PBXFileReference; lastKnownFileType = file.storyboard; name = Base; path = Base.lproj/LaunchScreen.storyboard; sourceTree = "<group>"; };
		788CCEA12CB16E28004F1A31 /* SceneDelegate.swift */ = {isa = PBXFileReference; lastKnownFileType = sourcecode.swift; path = SceneDelegate.swift; sourceTree = "<group>"; };
		788CCEAC2CB16E66004F1A31 /* BMI.swift */ = {isa = PBXFileReference; lastKnownFileType = sourcecode.swift; path = BMI.swift; sourceTree = "<group>"; };
/* End PBXFileReference section */

/* Begin PBXFrameworksBuildPhase section */
		784B80C82CAC47A700A5D472 /* Frameworks */ = {
			isa = PBXFrameworksBuildPhase;
			buildActionMask = 2147483647;
			files = (
			);
			runOnlyForDeploymentPostprocessing = 0;
		};
/* End PBXFrameworksBuildPhase section */

/* Begin PBXGroup section */
		784B80C22CAC47A700A5D472 = {
			isa = PBXGroup;
			children = (
				788CCEA22CB16E28004F1A31 /* BMI */,
				784B80CC2CAC47A700A5D472 /* Products */,
			);
			sourceTree = "<group>";
		};
		784B80CC2CAC47A700A5D472 /* Products */ = {
			isa = PBXGroup;
			children = (
				784B80CB2CAC47A700A5D472 /* BMI.app */,
			);
			name = Products;
			sourceTree = "<group>";
		};
		788CCE962CB16E28004F1A31 /* Controllers */ = {
			isa = PBXGroup;
			children = (
				788CCE952CB16E28004F1A31 /* ViewController.swift */,
				788CCE942CB16E28004F1A31 /* ResultViewController.swift */,
			);
			path = Controllers;
			sourceTree = "<group>";
		};
		788CCE982CB16E28004F1A31 /* Models */ = {
			isa = PBXGroup;
			children = (
				788CCEAC2CB16E66004F1A31 /* BMI.swift */,
				788CCE972CB16E28004F1A31 /* BMICalculatorManager.swift */,
			);
			path = Models;
			sourceTree = "<group>";
		};
		788CCE9B2CB16E28004F1A31 /* Views */ = {
			isa = PBXGroup;
			children = (
				788CCE9A2CB16E28004F1A31 /* Main.storyboard */,
			);
			path = Views;
			sourceTree = "<group>";
		};
		788CCEA22CB16E28004F1A31 /* BMI */ = {
			isa = PBXGroup;
			children = (
				788CCE9C2CB16E28004F1A31 /* AppDelegate.swift */,
				788CCEA12CB16E28004F1A31 /* SceneDelegate.swift */,
				788CCE982CB16E28004F1A31 /* Models */,
				788CCE9B2CB16E28004F1A31 /* Views */,
				788CCE962CB16E28004F1A31 /* Controllers */,
				788CCE9D2CB16E28004F1A31 /* Assets.xcassets */,
				788CCE9E2CB16E28004F1A31 /* Info.plist */,
				788CCEA02CB16E28004F1A31 /* LaunchScreen.storyboard */,
			);
			path = BMI;
			sourceTree = "<group>";
		};
/* End PBXGroup section */

/* Begin PBXNativeTarget section */
		784B80CA2CAC47A700A5D472 /* BMI */ = {
			isa = PBXNativeTarget;
			buildConfigurationList = 784B80DE2CAC47A900A5D472 /* Build configuration list for PBXNativeTarget "BMI" */;
			buildPhases = (
				784B80C72CAC47A700A5D472 /* Sources */,
				784B80C82CAC47A700A5D472 /* Frameworks */,
				784B80C92CAC47A700A5D472 /* Resources */,
			);
			buildRules = (
			);
			dependencies = (
			);
			name = BMI;
			packageProductDependencies = (
			);
			productName = BMI;
			productReference = 784B80CB2CAC47A700A5D472 /* BMI.app */;
			productType = "com.apple.product-type.application";
		};
/* End PBXNativeTarget section */

/* Begin PBXProject section */
		784B80C32CAC47A700A5D472 /* Project object */ = {
			isa = PBXProject;
			attributes = {
				BuildIndependentTargetsInParallel = 1;
				LastSwiftUpdateCheck = 1600;
				LastUpgradeCheck = 1600;
				TargetAttributes = {
					784B80CA2CAC47A700A5D472 = {
						CreatedOnToolsVersion = 16.0;
					};
				};
			};
			buildConfigurationList = 784B80C62CAC47A700A5D472 /* Build configuration list for PBXProject "BMI" */;
			developmentRegion = en;
			hasScannedForEncodings = 0;
			knownRegions = (
				en,
				Base,
			);
			mainGroup = 784B80C22CAC47A700A5D472;
			minimizedProjectReferenceProxies = 1;
			preferredProjectObjectVersion = 77;
			productRefGroup = 784B80CC2CAC47A700A5D472 /* Products */;
			projectDirPath = "";
			projectRoot = "";
			targets = (
				784B80CA2CAC47A700A5D472 /* BMI */,
			);
		};
/* End PBXProject section */

/* Begin PBXResourcesBuildPhase section */
		784B80C92CAC47A700A5D472 /* Resources */ = {
			isa = PBXResourcesBuildPhase;
			buildActionMask = 2147483647;
			files = (
				788CCEA82CB16E28004F1A31 /* Main.storyboard in Resources */,
				788CCEA92CB16E28004F1A31 /* Assets.xcassets in Resources */,
				788CCEAB2CB16E28004F1A31 /* LaunchScreen.storyboard in Resources */,
			);
			runOnlyForDeploymentPostprocessing = 0;
		};
/* End PBXResourcesBuildPhase section */

/* Begin PBXSourcesBuildPhase section */
		784B80C72CAC47A700A5D472 /* Sources */ = {
			isa = PBXSourcesBuildPhase;
			buildActionMask = 2147483647;
			files = (
				788CCEA32CB16E28004F1A31 /* ResultViewController.swift in Sources */,
				788CCEA42CB16E28004F1A31 /* ViewController.swift in Sources */,
				788CCEA52CB16E28004F1A31 /* BMICalculatorManager.swift in Sources */,
				788CCEA62CB16E28004F1A31 /* AppDelegate.swift in Sources */,
				788CCEAD2CB16E66004F1A31 /* BMI.swift in Sources */,
				788CCEA72CB16E28004F1A31 /* SceneDelegate.swift in Sources */,
			);
			runOnlyForDeploymentPostprocessing = 0;
		};
/* End PBXSourcesBuildPhase section */

/* Begin PBXVariantGroup section */
		788CCE9A2CB16E28004F1A31 /* Main.storyboard */ = {
			isa = PBXVariantGroup;
			children = (
				788CCE992CB16E28004F1A31 /* Base */,
			);
			name = Main.storyboard;
			sourceTree = "<group>";
		};
		788CCEA02CB16E28004F1A31 /* LaunchScreen.storyboard */ = {
			isa = PBXVariantGroup;
			children = (
				788CCE9F2CB16E28004F1A31 /* Base */,
			);
			name = LaunchScreen.storyboard;
			sourceTree = "<group>";
		};
/* End PBXVariantGroup section */

/* Begin XCBuildConfiguration section */
		784B80DF2CAC47A900A5D472 /* Debug */ = {
			isa = XCBuildConfiguration;
			buildSettings = {
				ASSETCATALOG_COMPILER_APPICON_NAME = AppIcon;
				ASSETCATALOG_COMPILER_GLOBAL_ACCENT_COLOR_NAME = AccentColor;
				CODE_SIGN_STYLE = Automatic;
				CURRENT_PROJECT_VERSION = 1;
				GENERATE_INFOPLIST_FILE = YES;
				INFOPLIST_FILE = BMI/Info.plist;
				INFOPLIST_KEY_UIApplicationSupportsIndirectInputEvents = YES;
				INFOPLIST_KEY_UILaunchStoryboardName = LaunchScreen;
				INFOPLIST_KEY_UIMainStoryboardFile = Main;
				INFOPLIST_KEY_UISupportedInterfaceOrientations_iPad = "UIInterfaceOrientationPortrait UIInterfaceOrientationPortraitUpsideDown UIInterfaceOrientationLandscapeLeft UIInterfaceOrientationLandscapeRight";
				INFOPLIST_KEY_UISupportedInterfaceOrientations_iPhone = "UIInterfaceOrientationPortrait UIInterfaceOrientationLandscapeLeft UIInterfaceOrientationLandscapeRight";
				IPHONEOS_DEPLOYMENT_TARGET = 15.6;
				LD_RUNPATH_SEARCH_PATHS = (
					"$(inherited)",
					"@executable_path/Frameworks",
				);
				MARKETING_VERSION = 1.0;
				PRODUCT_BUNDLE_IDENTIFIER = com.tull.BMI;
				PRODUCT_NAME = "$(TARGET_NAME)";
				SUPPORTED_PLATFORMS = "iphoneos iphonesimulator";
				SUPPORTS_MACCATALYST = NO;
				SUPPORTS_MAC_DESIGNED_FOR_IPHONE_IPAD = NO;
				SUPPORTS_XR_DESIGNED_FOR_IPHONE_IPAD = NO;
				SWIFT_EMIT_LOC_STRINGS = YES;
				SWIFT_VERSION = 5.0;
				TARGETED_DEVICE_FAMILY = 1;
			};
			name = Debug;
		};
		784B80E02CAC47A900A5D472 /* Release */ = {
			isa = XCBuildConfiguration;
			buildSettings = {
				ASSETCATALOG_COMPILER_APPICON_NAME = AppIcon;
				ASSETCATALOG_COMPILER_GLOBAL_ACCENT_COLOR_NAME = AccentColor;
				CODE_SIGN_STYLE = Automatic;
				CURRENT_PROJECT_VERSION = 1;
				GENERATE_INFOPLIST_FILE = YES;
				INFOPLIST_FILE = BMI/Info.plist;
				INFOPLIST_KEY_UIApplicationSupportsIndirectInputEvents = YES;
				INFOPLIST_KEY_UILaunchStoryboardName = LaunchScreen;
				INFOPLIST_KEY_UIMainStoryboardFile = Main;
				INFOPLIST_KEY_UISupportedInterfaceOrientations_iPad = "UIInterfaceOrientationPortrait UIInterfaceOrientationPortraitUpsideDown UIInterfaceOrientationLandscapeLeft UIInterfaceOrientationLandscapeRight";
				INFOPLIST_KEY_UISupportedInterfaceOrientations_iPhone = "UIInterfaceOrientationPortrait UIInterfaceOrientationLandscapeLeft UIInterfaceOrientationLandscapeRight";
				IPHONEOS_DEPLOYMENT_TARGET = 15.6;
				LD_RUNPATH_SEARCH_PATHS = (
					"$(inherited)",
					"@executable_path/Frameworks",
				);
				MARKETING_VERSION = 1.0;
				PRODUCT_BUNDLE_IDENTIFIER = com.tull.BMI;
				PRODUCT_NAME = "$(TARGET_NAME)";
				SUPPORTED_PLATFORMS = "iphoneos iphonesimulator";
				SUPPORTS_MACCATALYST = NO;
				SUPPORTS_MAC_DESIGNED_FOR_IPHONE_IPAD = NO;
				SUPPORTS_XR_DESIGNED_FOR_IPHONE_IPAD = NO;
				SWIFT_EMIT_LOC_STRINGS = YES;
				SWIFT_VERSION = 5.0;
				TARGETED_DEVICE_FAMILY = 1;
			};
			name = Release;
		};
		784B80E12CAC47A900A5D472 /* Debug */ = {
			isa = XCBuildConfiguration;
			buildSettings = {
				ALWAYS_SEARCH_USER_PATHS = NO;
				ASSETCATALOG_COMPILER_GENERATE_SWIFT_ASSET_SYMBOL_EXTENSIONS = YES;
				CLANG_ANALYZER_NONNULL = YES;
				CLANG_ANALYZER_NUMBER_OBJECT_CONVERSION = YES_AGGRESSIVE;
				CLANG_CXX_LANGUAGE_STANDARD = "gnu++20";
				CLANG_ENABLE_MODULES = YES;
				CLANG_ENABLE_OBJC_ARC = YES;
				CLANG_ENABLE_OBJC_WEAK = YES;
				CLANG_WARN_BLOCK_CAPTURE_AUTORELEASING = YES;
				CLANG_WARN_BOOL_CONVERSION = YES;
				CLANG_WARN_COMMA = YES;
				CLANG_WARN_CONSTANT_CONVERSION = YES;
				CLANG_WARN_DEPRECATED_OBJC_IMPLEMENTATIONS = YES;
				CLANG_WARN_DIRECT_OBJC_ISA_USAGE = YES_ERROR;
				CLANG_WARN_DOCUMENTATION_COMMENTS = YES;
				CLANG_WARN_EMPTY_BODY = YES;
				CLANG_WARN_ENUM_CONVERSION = YES;
				CLANG_WARN_INFINITE_RECURSION = YES;
				CLANG_WARN_INT_CONVERSION = YES;
				CLANG_WARN_NON_LITERAL_NULL_CONVERSION = YES;
				CLANG_WARN_OBJC_IMPLICIT_RETAIN_SELF = YES;
				CLANG_WARN_OBJC_LITERAL_CONVERSION = YES;
				CLANG_WARN_OBJC_ROOT_CLASS = YES_ERROR;
				CLANG_WARN_QUOTED_INCLUDE_IN_FRAMEWORK_HEADER = YES;
				CLANG_WARN_RANGE_LOOP_ANALYSIS = YES;
				CLANG_WARN_STRICT_PROTOTYPES = YES;
				CLANG_WARN_SUSPICIOUS_MOVE = YES;
				CLANG_WARN_UNGUARDED_AVAILABILITY = YES_AGGRESSIVE;
				CLANG_WARN_UNREACHABLE_CODE = YES;
				CLANG_WARN__DUPLICATE_METHOD_MATCH = YES;
				COPY_PHASE_STRIP = NO;
				DEBUG_INFORMATION_FORMAT = dwarf;
				ENABLE_STRICT_OBJC_MSGSEND = YES;
				ENABLE_TESTABILITY = YES;
				ENABLE_USER_SCRIPT_SANDBOXING = YES;
				GCC_C_LANGUAGE_STANDARD = gnu17;
				GCC_DYNAMIC_NO_PIC = NO;
				GCC_NO_COMMON_BLOCKS = YES;
				GCC_OPTIMIZATION_LEVEL = 0;
				GCC_PREPROCESSOR_DEFINITIONS = (
					"DEBUG=1",
					"$(inherited)",
				);
				GCC_WARN_64_TO_32_BIT_CONVERSION = YES;
				GCC_WARN_ABOUT_RETURN_TYPE = YES_ERROR;
				GCC_WARN_UNDECLARED_SELECTOR = YES;
				GCC_WARN_UNINITIALIZED_AUTOS = YES_AGGRESSIVE;
				GCC_WARN_UNUSED_FUNCTION = YES;
				GCC_WARN_UNUSED_VARIABLE = YES;
				IPHONEOS_DEPLOYMENT_TARGET = 18.0;
				LOCALIZATION_PREFERS_STRING_CATALOGS = YES;
				MTL_ENABLE_DEBUG_INFO = INCLUDE_SOURCE;
				MTL_FAST_MATH = YES;
				ONLY_ACTIVE_ARCH = YES;
				SDKROOT = iphoneos;
				SWIFT_ACTIVE_COMPILATION_CONDITIONS = "DEBUG $(inherited)";
				SWIFT_OPTIMIZATION_LEVEL = "-Onone";
			};
			name = Debug;
		};
		784B80E22CAC47A900A5D472 /* Release */ = {
			isa = XCBuildConfiguration;
			buildSettings = {
				ALWAYS_SEARCH_USER_PATHS = NO;
				ASSETCATALOG_COMPILER_GENERATE_SWIFT_ASSET_SYMBOL_EXTENSIONS = YES;
				CLANG_ANALYZER_NONNULL = YES;
				CLANG_ANALYZER_NUMBER_OBJECT_CONVERSION = YES_AGGRESSIVE;
				CLANG_CXX_LANGUAGE_STANDARD = "gnu++20";
				CLANG_ENABLE_MODULES = YES;
				CLANG_ENABLE_OBJC_ARC = YES;
				CLANG_ENABLE_OBJC_WEAK = YES;
				CLANG_WARN_BLOCK_CAPTURE_AUTORELEASING = YES;
				CLANG_WARN_BOOL_CONVERSION = YES;
				CLANG_WARN_COMMA = YES;
				CLANG_WARN_CONSTANT_CONVERSION = YES;
				CLANG_WARN_DEPRECATED_OBJC_IMPLEMENTATIONS = YES;
				CLANG_WARN_DIRECT_OBJC_ISA_USAGE = YES_ERROR;
				CLANG_WARN_DOCUMENTATION_COMMENTS = YES;
				CLANG_WARN_EMPTY_BODY = YES;
				CLANG_WARN_ENUM_CONVERSION = YES;
				CLANG_WARN_INFINITE_RECURSION = YES;
				CLANG_WARN_INT_CONVERSION = YES;
				CLANG_WARN_NON_LITERAL_NULL_CONVERSION = YES;
				CLANG_WARN_OBJC_IMPLICIT_RETAIN_SELF = YES;
				CLANG_WARN_OBJC_LITERAL_CONVERSION = YES;
				CLANG_WARN_OBJC_ROOT_CLASS = YES_ERROR;
				CLANG_WARN_QUOTED_INCLUDE_IN_FRAMEWORK_HEADER = YES;
				CLANG_WARN_RANGE_LOOP_ANALYSIS = YES;
				CLANG_WARN_STRICT_PROTOTYPES = YES;
				CLANG_WARN_SUSPICIOUS_MOVE = YES;
				CLANG_WARN_UNGUARDED_AVAILABILITY = YES_AGGRESSIVE;
				CLANG_WARN_UNREACHABLE_CODE = YES;
				CLANG_WARN__DUPLICATE_METHOD_MATCH = YES;
				COPY_PHASE_STRIP = NO;
				DEBUG_INFORMATION_FORMAT = "dwarf-with-dsym";
				ENABLE_NS_ASSERTIONS = NO;
				ENABLE_STRICT_OBJC_MSGSEND = YES;
				ENABLE_USER_SCRIPT_SANDBOXING = YES;
				GCC_C_LANGUAGE_STANDARD = gnu17;
				GCC_NO_COMMON_BLOCKS = YES;
				GCC_WARN_64_TO_32_BIT_CONVERSION = YES;
				GCC_WARN_ABOUT_RETURN_TYPE = YES_ERROR;
				GCC_WARN_UNDECLARED_SELECTOR = YES;
				GCC_WARN_UNINITIALIZED_AUTOS = YES_AGGRESSIVE;
				GCC_WARN_UNUSED_FUNCTION = YES;
				GCC_WARN_UNUSED_VARIABLE = YES;
				IPHONEOS_DEPLOYMENT_TARGET = 18.0;
				LOCALIZATION_PREFERS_STRING_CATALOGS = YES;
				MTL_ENABLE_DEBUG_INFO = NO;
				MTL_FAST_MATH = YES;
				SDKROOT = iphoneos;
				SWIFT_COMPILATION_MODE = wholemodule;
				VALIDATE_PRODUCT = YES;
			};
			name = Release;
		};
/* End XCBuildConfiguration section */

/* Begin XCConfigurationList section */
		784B80C62CAC47A700A5D472 /* Build configuration list for PBXProject "BMI" */ = {
			isa = XCConfigurationList;
			buildConfigurations = (
				784B80E12CAC47A900A5D472 /* Debug */,
				784B80E22CAC47A900A5D472 /* Release */,
			);
			defaultConfigurationIsVisible = 0;
			defaultConfigurationName = Release;
		};
		784B80DE2CAC47A900A5D472 /* Build configuration list for PBXNativeTarget "BMI" */ = {
			isa = XCConfigurationList;
			buildConfigurations = (
				784B80DF2CAC47A900A5D472 /* Debug */,
				784B80E02CAC47A900A5D472 /* Release */,
			);
			defaultConfigurationIsVisible = 0;
			defaultConfigurationName = Release;
		};
/* End XCConfigurationList section */
	};
	rootObject = 784B80C32CAC47A700A5D472 /* Project object */;
}
